
Microsoft Visual Studio Solution File, Format Version 12.00
# Visual Studio Version 17
VisualStudioVersion = 17.5.002.0
MinimumVisualStudioVersion = 10.0.40219.1
Project("{9A19103F-16F7-4668-BE54-9A1E7A4F7556}") = "Internet_Bank-Clean", "InternetBank.Api\Internet_Bank-Clean.csproj", "{2BF92130-96D8-4204-A32D-7E83F0A22653}"
EndProject
Project("{9A19103F-16F7-4668-BE54-9A1E7A4F7556}") = "InternetBank.Application", "InternetBank.Application\InternetBank.Application.csproj", "{D7639934-69E8-484F-9C16-D2A76ACDC3CE}"
EndProject
Project("{9A19103F-16F7-4668-BE54-9A1E7A4F7556}") = "InternetBank.Domain", "InternetBank.Domain\InternetBank.Domain.csproj", "{5F19BB44-347E-4B6C-BA3C-8B3F1D274A89}"
EndProject
Project("{9A19103F-16F7-4668-BE54-9A1E7A4F7556}") = "InternetBank.Infrastructure", "InternetBank.Infrastructure\InternetBank.Infrastructure.csproj", "{51D21020-DC9F-41E6-8EE6-B4E449676032}"
EndProject
Global
	GlobalSection(SolutionConfigurationPlatforms) = preSolution
		Debug|Any CPU = Debug|Any CPU
		Release|Any CPU = Release|Any CPU
	EndGlobalSection
	GlobalSection(ProjectConfigurationPlatforms) = postSolution
		{2BF92130-96D8-4204-A32D-7E83F0A22653}.Debug|Any CPU.ActiveCfg = Debug|Any CPU
		{2BF92130-96D8-4204-A32D-7E83F0A22653}.Debug|Any CPU.Build.0 = Debug|Any CPU
		{2BF92130-96D8-4204-A32D-7E83F0A22653}.Release|Any CPU.ActiveCfg = Release|Any CPU
		{2BF92130-96D8-4204-A32D-7E83F0A22653}.Release|Any CPU.Build.0 = Release|Any CPU
		{D7639934-69E8-484F-9C16-D2A76ACDC3CE}.Debug|Any CPU.ActiveCfg = Debug|Any CPU
		{D7639934-69E8-484F-9C16-D2A76ACDC3CE}.Debug|Any CPU.Build.0 = Debug|Any CPU
		{D7639934-69E8-484F-9C16-D2A76ACDC3CE}.Release|Any CPU.ActiveCfg = Release|Any CPU
		{D7639934-69E8-484F-9C16-D2A76ACDC3CE}.Release|Any CPU.Build.0 = Release|Any CPU
		{5F19BB44-347E-4B6C-BA3C-8B3F1D274A89}.Debug|Any CPU.ActiveCfg = Debug|Any CPU
		{5F19BB44-347E-4B6C-BA3C-8B3F1D274A89}.Debug|Any CPU.Build.0 = Debug|Any CPU
		{5F19BB44-347E-4B6C-BA3C-8B3F1D274A89}.Release|Any CPU.ActiveCfg = Release|Any CPU
		{5F19BB44-347E-4B6C-BA3C-8B3F1D274A89}.Release|Any CPU.Build.0 = Release|Any CPU
		{51D21020-DC9F-41E6-8EE6-B4E449676032}.Debug|Any CPU.ActiveCfg = Debug|Any CPU
		{51D21020-DC9F-41E6-8EE6-B4E449676032}.Debug|Any CPU.Build.0 = Debug|Any CPU
		{51D21020-DC9F-41E6-8EE6-B4E449676032}.Release|Any CPU.ActiveCfg = Release|Any CPU
		{51D21020-DC9F-41E6-8EE6-B4E449676032}.Release|Any CPU.Build.0 = Release|Any CPU
	EndGlobalSection
	GlobalSection(SolutionProperties) = preSolution
		HideSolutionNode = FALSE
	EndGlobalSection
	GlobalSection(ExtensibilityGlobals) = postSolution
		SolutionGuid = {B1086016-27CD-4A2D-A4D8-0277EA48CAD4}
	EndGlobalSection
EndGlobal
